
Microsoft Visual Studio Solution File, Format Version 12.00
# Visual Studio Version 16
VisualStudioVersion = 16.0.30907.101
MinimumVisualStudioVersion = 10.0.40219.1
Project("{FAE04EC0-301F-11D3-BF4B-00C04F79EFBC}") = "Arrays", "ConsoleApp7\Arrays.csproj", "{5D116A63-C61A-499E-847B-6E20F18E8540}"
EndProject
Project("{FAE04EC0-301F-11D3-BF4B-00C04F79EFBC}") = "RefOut", "RefOut\RefOut.csproj", "{742A1FD9-E907-4E6B-AAE2-B560FC532ED1}"
EndProject
Project("{FAE04EC0-301F-11D3-BF4B-00C04F79EFBC}") = "MetotParam", "MetotParam\MetotParam.csproj", "{D54CC953-7BBD-4E5B-A8F9-26286E14A5B1}"
EndProject
Global
	GlobalSection(SolutionConfigurationPlatforms) = preSolution
		Debug|Any CPU = Debug|Any CPU
		Release|Any CPU = Release|Any CPU
	EndGlobalSection
	GlobalSection(ProjectConfigurationPlatforms) = postSolution
		{5D116A63-C61A-499E-847B-6E20F18E8540}.Debug|Any CPU.ActiveCfg = Debug|Any CPU
		{5D116A63-C61A-499E-847B-6E20F18E8540}.Debug|Any CPU.Build.0 = Debug|Any CPU
		{5D116A63-C61A-499E-847B-6E20F18E8540}.Release|Any CPU.ActiveCfg = Release|Any CPU
		{5D116A63-C61A-499E-847B-6E20F18E8540}.Release|Any CPU.Build.0 = Release|Any CPU
		{742A1FD9-E907-4E6B-AAE2-B560FC532ED1}.Debug|Any CPU.ActiveCfg = Debug|Any CPU
		{742A1FD9-E907-4E6B-AAE2-B560FC532ED1}.Debug|Any CPU.Build.0 = Debug|Any CPU
		{742A1FD9-E907-4E6B-AAE2-B560FC532ED1}.Release|Any CPU.ActiveCfg = Release|Any CPU
		{742A1FD9-E907-4E6B-AAE2-B560FC532ED1}.Release|Any CPU.Build.0 = Release|Any CPU
		{D54CC953-7BBD-4E5B-A8F9-26286E14A5B1}.Debug|Any CPU.ActiveCfg = Debug|Any CPU
		{D54CC953-7BBD-4E5B-A8F9-26286E14A5B1}.Debug|Any CPU.Build.0 = Debug|Any CPU
		{D54CC953-7BBD-4E5B-A8F9-26286E14A5B1}.Release|Any CPU.ActiveCfg = Release|Any CPU
		{D54CC953-7BBD-4E5B-A8F9-26286E14A5B1}.Release|Any CPU.Build.0 = Release|Any CPU
	EndGlobalSection
	GlobalSection(SolutionProperties) = preSolution
		HideSolutionNode = FALSE
	EndGlobalSection
	GlobalSection(ExtensibilityGlobals) = postSolution
		SolutionGuid = {AEDB968B-7018-482F-B881-4D6ECDFBC388}
	EndGlobalSection
EndGlobal
